// !$*UTF8*$!
{
	archiveVersion = 1;
	classes = {
	};
	objectVersion = 55;
	objects = {

/* Begin PBXBuildFile section */
		2A3D69AE287E754800FBD21C /* Weather_AlarmApp.swift in Sources */ = {isa = PBXBuildFile; fileRef = 2A3D69AD287E754800FBD21C /* Weather_AlarmApp.swift */; };
		2A3D69B2287E754A00FBD21C /* Assets.xcassets in Resources */ = {isa = PBXBuildFile; fileRef = 2A3D69B1287E754A00FBD21C /* Assets.xcassets */; };
		2A3D69B5287E754A00FBD21C /* Preview Assets.xcassets in Resources */ = {isa = PBXBuildFile; fileRef = 2A3D69B4287E754A00FBD21C /* Preview Assets.xcassets */; };
		2AE7E88B28899BF800B46581 /* MainView.swift in Sources */ = {isa = PBXBuildFile; fileRef = 2AE7E88A28899BF800B46581 /* MainView.swift */; };
		2AE7E88D28899C6200B46581 /* SettingView.swift in Sources */ = {isa = PBXBuildFile; fileRef = 2AE7E88C28899C6200B46581 /* SettingView.swift */; };
		2AE7E89028899C9000B46581 /* SLabel.swift in Sources */ = {isa = PBXBuildFile; fileRef = 2AE7E88F28899C9000B46581 /* SLabel.swift */; };
		2AE7E89228899C9A00B46581 /* Ssound.swift in Sources */ = {isa = PBXBuildFile; fileRef = 2AE7E89128899C9A00B46581 /* Ssound.swift */; };
		2AE7E89428899CA200B46581 /* Srepeat.swift in Sources */ = {isa = PBXBuildFile; fileRef = 2AE7E89328899CA200B46581 /* Srepeat.swift */; };
		2AE7E89628899CBB00B46581 /* FirstView.swift in Sources */ = {isa = PBXBuildFile; fileRef = 2AE7E89528899CBB00B46581 /* FirstView.swift */; };
		2AE7E8982889A03D00B46581 /* Ssound1.swift in Sources */ = {isa = PBXBuildFile; fileRef = 2AE7E8972889A03D00B46581 /* Ssound1.swift */; };
		2AE7E89A2889A04700B46581 /* Ssound2.swift in Sources */ = {isa = PBXBuildFile; fileRef = 2AE7E8992889A04700B46581 /* Ssound2.swift */; };
		2AE7E89C28995C8200B46581 /* SettingVM.swift in Sources */ = {isa = PBXBuildFile; fileRef = 2AE7E89B28995C8200B46581 /* SettingVM.swift */; };
/* End PBXBuildFile section */

/* Begin PBXFileReference section */
		2A3D69AA287E754800FBD21C /* Weather-Alarm.app */ = {isa = PBXFileReference; explicitFileType = wrapper.application; includeInIndex = 0; path = "Weather-Alarm.app"; sourceTree = BUILT_PRODUCTS_DIR; };
		2A3D69AD287E754800FBD21C /* Weather_AlarmApp.swift */ = {isa = PBXFileReference; lastKnownFileType = sourcecode.swift; path = Weather_AlarmApp.swift; sourceTree = "<group>"; };
		2A3D69B1287E754A00FBD21C /* Assets.xcassets */ = {isa = PBXFileReference; lastKnownFileType = folder.assetcatalog; path = Assets.xcassets; sourceTree = "<group>"; };
		2A3D69B4287E754A00FBD21C /* Preview Assets.xcassets */ = {isa = PBXFileReference; lastKnownFileType = folder.assetcatalog; path = "Preview Assets.xcassets"; sourceTree = "<group>"; };
		2AE7E88A28899BF800B46581 /* MainView.swift */ = {isa = PBXFileReference; lastKnownFileType = sourcecode.swift; path = MainView.swift; sourceTree = "<group>"; };
		2AE7E88C28899C6200B46581 /* SettingView.swift */ = {isa = PBXFileReference; lastKnownFileType = sourcecode.swift; path = SettingView.swift; sourceTree = "<group>"; };
		2AE7E88F28899C9000B46581 /* SLabel.swift */ = {isa = PBXFileReference; lastKnownFileType = sourcecode.swift; path = SLabel.swift; sourceTree = "<group>"; };
		2AE7E89128899C9A00B46581 /* Ssound.swift */ = {isa = PBXFileReference; lastKnownFileType = sourcecode.swift; path = Ssound.swift; sourceTree = "<group>"; };
		2AE7E89328899CA200B46581 /* Srepeat.swift */ = {isa = PBXFileReference; lastKnownFileType = sourcecode.swift; path = Srepeat.swift; sourceTree = "<group>"; };
		2AE7E89528899CBB00B46581 /* FirstView.swift */ = {isa = PBXFileReference; lastKnownFileType = sourcecode.swift; path = FirstView.swift; sourceTree = "<group>"; };
		2AE7E8972889A03D00B46581 /* Ssound1.swift */ = {isa = PBXFileReference; lastKnownFileType = sourcecode.swift; path = Ssound1.swift; sourceTree = "<group>"; };
		2AE7E8992889A04700B46581 /* Ssound2.swift */ = {isa = PBXFileReference; lastKnownFileType = sourcecode.swift; path = Ssound2.swift; sourceTree = "<group>"; };
		2AE7E89B28995C8200B46581 /* SettingVM.swift */ = {isa = PBXFileReference; lastKnownFileType = sourcecode.swift; path = SettingVM.swift; sourceTree = "<group>"; };
/* End PBXFileReference section */

/* Begin PBXFrameworksBuildPhase section */
		2A3D69A7287E754800FBD21C /* Frameworks */ = {
			isa = PBXFrameworksBuildPhase;
			buildActionMask = 2147483647;
			files = (
			);
			runOnlyForDeploymentPostprocessing = 0;
		};
/* End PBXFrameworksBuildPhase section */

/* Begin PBXGroup section */
		2A3D69A1287E754800FBD21C = {
			isa = PBXGroup;
			children = (
				2A3D69AC287E754800FBD21C /* Weather-Alarm */,
				2A3D69AB287E754800FBD21C /* Products */,
			);
			sourceTree = "<group>";
		};
		2A3D69AB287E754800FBD21C /* Products */ = {
			isa = PBXGroup;
			children = (
				2A3D69AA287E754800FBD21C /* Weather-Alarm.app */,
			);
			name = Products;
			sourceTree = "<group>";
		};
		2A3D69AC287E754800FBD21C /* Weather-Alarm */ = {
			isa = PBXGroup;
			children = (
				2A3D69AD287E754800FBD21C /* Weather_AlarmApp.swift */,
				2AE7E89528899CBB00B46581 /* FirstView.swift */,
				2AE7E88A28899BF800B46581 /* MainView.swift */,
				2AE7E88C28899C6200B46581 /* SettingView.swift */,
				2AE7E89B28995C8200B46581 /* SettingVM.swift */,
				2AE7E88E28899C6800B46581 /* SettingView */,
				2A3D69B1287E754A00FBD21C /* Assets.xcassets */,
				2A3D69B3287E754A00FBD21C /* Preview Content */,
			);
			path = "Weather-Alarm";
			sourceTree = "<group>";
		};
		2A3D69B3287E754A00FBD21C /* Preview Content */ = {
			isa = PBXGroup;
			children = (
				2A3D69B4287E754A00FBD21C /* Preview Assets.xcassets */,
			);
			path = "Preview Content";
			sourceTree = "<group>";
		};
		2AE7E88E28899C6800B46581 /* SettingView */ = {
			isa = PBXGroup;
			children = (
				2AE7E88F28899C9000B46581 /* SLabel.swift */,
				2AE7E89128899C9A00B46581 /* Ssound.swift */,
				2AE7E89328899CA200B46581 /* Srepeat.swift */,
				2AE7E8972889A03D00B46581 /* Ssound1.swift */,
				2AE7E8992889A04700B46581 /* Ssound2.swift */,
			);
			path = SettingView;
			sourceTree = "<group>";
		};
/* End PBXGroup section */

/* Begin PBXNativeTarget section */
		2A3D69A9287E754800FBD21C /* Weather-Alarm */ = {
			isa = PBXNativeTarget;
			buildConfigurationList = 2A3D69B8287E754A00FBD21C /* Build configuration list for PBXNativeTarget "Weather-Alarm" */;
			buildPhases = (
				2A3D69A6287E754800FBD21C /* Sources */,
				2A3D69A7287E754800FBD21C /* Frameworks */,
				2A3D69A8287E754800FBD21C /* Resources */,
			);
			buildRules = (
			);
			dependencies = (
			);
			name = "Weather-Alarm";
			productName = "Weather-Alarm";
			productReference = 2A3D69AA287E754800FBD21C /* Weather-Alarm.app */;
			productType = "com.apple.product-type.application";
		};
/* End PBXNativeTarget section */

/* Begin PBXProject section */
		2A3D69A2287E754800FBD21C /* Project object */ = {
			isa = PBXProject;
			attributes = {
				BuildIndependentTargetsInParallel = 1;
				LastSwiftUpdateCheck = 1330;
				LastUpgradeCheck = 1330;
				TargetAttributes = {
					2A3D69A9287E754800FBD21C = {
						CreatedOnToolsVersion = 13.3;
					};
				};
			};
			buildConfigurationList = 2A3D69A5287E754800FBD21C /* Build configuration list for PBXProject "Weather-Alarm" */;
			compatibilityVersion = "Xcode 13.0";
			developmentRegion = en;
			hasScannedForEncodings = 0;
			knownRegions = (
				en,
				Base,
			);
			mainGroup = 2A3D69A1287E754800FBD21C;
			productRefGroup = 2A3D69AB287E754800FBD21C /* Products */;
			projectDirPath = "";
			projectRoot = "";
			targets = (
				2A3D69A9287E754800FBD21C /* Weather-Alarm */,
			);
		};
/* End PBXProject section */

/* Begin PBXResourcesBuildPhase section */
		2A3D69A8287E754800FBD21C /* Resources */ = {
			isa = PBXResourcesBuildPhase;
			buildActionMask = 2147483647;
			files = (
				2A3D69B5287E754A00FBD21C /* Preview Assets.xcassets in Resources */,
				2A3D69B2287E754A00FBD21C /* Assets.xcassets in Resources */,
			);
			runOnlyForDeploymentPostprocessing = 0;
		};
/* End PBXResourcesBuildPhase section */

/* Begin PBXSourcesBuildPhase section */
		2A3D69A6287E754800FBD21C /* Sources */ = {
			isa = PBXSourcesBuildPhase;
			buildActionMask = 2147483647;
			files = (
				2AE7E89628899CBB00B46581 /* FirstView.swift in Sources */,
				2AE7E89428899CA200B46581 /* Srepeat.swift in Sources */,
				2AE7E88D28899C6200B46581 /* SettingView.swift in Sources */,
				2AE7E88B28899BF800B46581 /* MainView.swift in Sources */,
				2AE7E89A2889A04700B46581 /* Ssound2.swift in Sources */,
				2AE7E89028899C9000B46581 /* SLabel.swift in Sources */,
				2AE7E8982889A03D00B46581 /* Ssound1.swift in Sources */,
				2AE7E89C28995C8200B46581 /* SettingVM.swift in Sources */,
				2A3D69AE287E754800FBD21C /* Weather_AlarmApp.swift in Sources */,
				2AE7E89228899C9A00B46581 /* Ssound.swift in Sources */,
			);
			runOnlyForDeploymentPostprocessing = 0;
		};
/* End PBXSourcesBuildPhase section */

/* Begin XCBuildConfiguration section */
		2A3D69B6287E754A00FBD21C /* Debug */ = {
			isa = XCBuildConfiguration;
			buildSettings = {
				ALWAYS_SEARCH_USER_PATHS = NO;
				CLANG_ANALYZER_NONNULL = YES;
				CLANG_ANALYZER_NUMBER_OBJECT_CONVERSION = YES_AGGRESSIVE;
				CLANG_CXX_LANGUAGE_STANDARD = "gnu++17";
				CLANG_ENABLE_MODULES = YES;
				CLANG_ENABLE_OBJC_ARC = YES;
				CLANG_ENABLE_OBJC_WEAK = YES;
				CLANG_WARN_BLOCK_CAPTURE_AUTORELEASING = YES;
				CLANG_WARN_BOOL_CONVERSION = YES;
				CLANG_WARN_COMMA = YES;
				CLANG_WARN_CONSTANT_CONVERSION = YES;
				CLANG_WARN_DEPRECATED_OBJC_IMPLEMENTATIONS = YES;
				CLANG_WARN_DIRECT_OBJC_ISA_USAGE = YES_ERROR;
				CLANG_WARN_DOCUMENTATION_COMMENTS = YES;
				CLANG_WARN_EMPTY_BODY = YES;
				CLANG_WARN_ENUM_CONVERSION = YES;
				CLANG_WARN_INFINITE_RECURSION = YES;
				CLANG_WARN_INT_CONVERSION = YES;
				CLANG_WARN_NON_LITERAL_NULL_CONVERSION = YES;
				CLANG_WARN_OBJC_IMPLICIT_RETAIN_SELF = YES;
				CLANG_WARN_OBJC_LITERAL_CONVERSION = YES;
				CLANG_WARN_OBJC_ROOT_CLASS = YES_ERROR;
				CLANG_WARN_QUOTED_INCLUDE_IN_FRAMEWORK_HEADER = YES;
				CLANG_WARN_RANGE_LOOP_ANALYSIS = YES;
				CLANG_WARN_STRICT_PROTOTYPES = YES;
				CLANG_WARN_SUSPICIOUS_MOVE = YES;
				CLANG_WARN_UNGUARDED_AVAILABILITY = YES_AGGRESSIVE;
				CLANG_WARN_UNREACHABLE_CODE = YES;
				CLANG_WARN__DUPLICATE_METHOD_MATCH = YES;
				COPY_PHASE_STRIP = NO;
				DEBUG_INFORMATION_FORMAT = dwarf;
				ENABLE_STRICT_OBJC_MSGSEND = YES;
				ENABLE_TESTABILITY = YES;
				GCC_C_LANGUAGE_STANDARD = gnu11;
				GCC_DYNAMIC_NO_PIC = NO;
				GCC_NO_COMMON_BLOCKS = YES;
				GCC_OPTIMIZATION_LEVEL = 0;
				GCC_PREPROCESSOR_DEFINITIONS = (
					"DEBUG=1",
					"$(inherited)",
				);
				GCC_WARN_64_TO_32_BIT_CONVERSION = YES;
				GCC_WARN_ABOUT_RETURN_TYPE = YES_ERROR;
				GCC_WARN_UNDECLARED_SELECTOR = YES;
				GCC_WARN_UNINITIALIZED_AUTOS = YES_AGGRESSIVE;
				GCC_WARN_UNUSED_FUNCTION = YES;
				GCC_WARN_UNUSED_VARIABLE = YES;
				IPHONEOS_DEPLOYMENT_TARGET = 15.4;
				MTL_ENABLE_DEBUG_INFO = INCLUDE_SOURCE;
				MTL_FAST_MATH = YES;
				ONLY_ACTIVE_ARCH = YES;
				SDKROOT = iphoneos;
				SWIFT_ACTIVE_COMPILATION_CONDITIONS = DEBUG;
				SWIFT_OPTIMIZATION_LEVEL = "-Onone";
			};
			name = Debug;
		};
		2A3D69B7287E754A00FBD21C /* Release */ = {
			isa = XCBuildConfiguration;
			buildSettings = {
				ALWAYS_SEARCH_USER_PATHS = NO;
				CLANG_ANALYZER_NONNULL = YES;
				CLANG_ANALYZER_NUMBER_OBJECT_CONVERSION = YES_AGGRESSIVE;
				CLANG_CXX_LANGUAGE_STANDARD = "gnu++17";
				CLANG_ENABLE_MODULES = YES;
				CLANG_ENABLE_OBJC_ARC = YES;
				CLANG_ENABLE_OBJC_WEAK = YES;
				CLANG_WARN_BLOCK_CAPTURE_AUTORELEASING = YES;
				CLANG_WARN_BOOL_CONVERSION = YES;
				CLANG_WARN_COMMA = YES;
				CLANG_WARN_CONSTANT_CONVERSION = YES;
				CLANG_WARN_DEPRECATED_OBJC_IMPLEMENTATIONS = YES;
				CLANG_WARN_DIRECT_OBJC_ISA_USAGE = YES_ERROR;
				CLANG_WARN_DOCUMENTATION_COMMENTS = YES;
				CLANG_WARN_EMPTY_BODY = YES;
				CLANG_WARN_ENUM_CONVERSION = YES;
				CLANG_WARN_INFINITE_RECURSION = YES;
				CLANG_WARN_INT_CONVERSION = YES;
				CLANG_WARN_NON_LITERAL_NULL_CONVERSION = YES;
				CLANG_WARN_OBJC_IMPLICIT_RETAIN_SELF = YES;
				CLANG_WARN_OBJC_LITERAL_CONVERSION = YES;
				CLANG_WARN_OBJC_ROOT_CLASS = YES_ERROR;
				CLANG_WARN_QUOTED_INCLUDE_IN_FRAMEWORK_HEADER = YES;
				CLANG_WARN_RANGE_LOOP_ANALYSIS = YES;
				CLANG_WARN_STRICT_PROTOTYPES = YES;
				CLANG_WARN_SUSPICIOUS_MOVE = YES;
				CLANG_WARN_UNGUARDED_AVAILABILITY = YES_AGGRESSIVE;
				CLANG_WARN_UNREACHABLE_CODE = YES;
				CLANG_WARN__DUPLICATE_METHOD_MATCH = YES;
				COPY_PHASE_STRIP = NO;
				DEBUG_INFORMATION_FORMAT = "dwarf-with-dsym";
				ENABLE_NS_ASSERTIONS = NO;
				ENABLE_STRICT_OBJC_MSGSEND = YES;
				GCC_C_LANGUAGE_STANDARD = gnu11;
				GCC_NO_COMMON_BLOCKS = YES;
				GCC_WARN_64_TO_32_BIT_CONVERSION = YES;
				GCC_WARN_ABOUT_RETURN_TYPE = YES_ERROR;
				GCC_WARN_UNDECLARED_SELECTOR = YES;
				GCC_WARN_UNINITIALIZED_AUTOS = YES_AGGRESSIVE;
				GCC_WARN_UNUSED_FUNCTION = YES;
				GCC_WARN_UNUSED_VARIABLE = YES;
				IPHONEOS_DEPLOYMENT_TARGET = 15.4;
				MTL_ENABLE_DEBUG_INFO = NO;
				MTL_FAST_MATH = YES;
				SDKROOT = iphoneos;
				SWIFT_COMPILATION_MODE = wholemodule;
				SWIFT_OPTIMIZATION_LEVEL = "-O";
				VALIDATE_PRODUCT = YES;
			};
			name = Release;
		};
		2A3D69B9287E754A00FBD21C /* Debug */ = {
			isa = XCBuildConfiguration;
			buildSettings = {
				ASSETCATALOG_COMPILER_APPICON_NAME = AppIcon;
				ASSETCATALOG_COMPILER_GLOBAL_ACCENT_COLOR_NAME = AccentColor;
				CODE_SIGN_STYLE = Automatic;
				CURRENT_PROJECT_VERSION = 1;
				DEVELOPMENT_ASSET_PATHS = "\"Weather-Alarm/Preview Content\"";
				DEVELOPMENT_TEAM = JVBAL8CV7V;
				ENABLE_PREVIEWS = YES;
				GENERATE_INFOPLIST_FILE = YES;
				INFOPLIST_KEY_UIApplicationSceneManifest_Generation = YES;
				INFOPLIST_KEY_UIApplicationSupportsIndirectInputEvents = YES;
				INFOPLIST_KEY_UILaunchScreen_Generation = YES;
				INFOPLIST_KEY_UISupportedInterfaceOrientations_iPad = "UIInterfaceOrientationPortrait UIInterfaceOrientationPortraitUpsideDown UIInterfaceOrientationLandscapeLeft UIInterfaceOrientationLandscapeRight";
				INFOPLIST_KEY_UISupportedInterfaceOrientations_iPhone = "UIInterfaceOrientationPortrait UIInterfaceOrientationLandscapeLeft UIInterfaceOrientationLandscapeRight";
				LD_RUNPATH_SEARCH_PATHS = (
					"$(inherited)",
					"@executable_path/Frameworks",
				);
				MARKETING_VERSION = 1.0;
				PRODUCT_BUNDLE_IDENTIFIER = "com.hanni.Weather-Alarm";
				PRODUCT_NAME = "$(TARGET_NAME)";
				SWIFT_EMIT_LOC_STRINGS = YES;
				SWIFT_VERSION = 5.0;
				TARGETED_DEVICE_FAMILY = "1,2";
			};
			name = Debug;
		};
		2A3D69BA287E754A00FBD21C /* Release */ = {
			isa = XCBuildConfiguration;
			buildSettings = {
				ASSETCATALOG_COMPILER_APPICON_NAME = AppIcon;
				ASSETCATALOG_COMPILER_GLOBAL_ACCENT_COLOR_NAME = AccentColor;
				CODE_SIGN_STYLE = Automatic;
				CURRENT_PROJECT_VERSION = 1;
				DEVELOPMENT_ASSET_PATHS = "\"Weather-Alarm/Preview Content\"";
				DEVELOPMENT_TEAM = JVBAL8CV7V;
				ENABLE_PREVIEWS = YES;
				GENERATE_INFOPLIST_FILE = YES;
				INFOPLIST_KEY_UIApplicationSceneManifest_Generation = YES;
				INFOPLIST_KEY_UIApplicationSupportsIndirectInputEvents = YES;
				INFOPLIST_KEY_UILaunchScreen_Generation = YES;
				INFOPLIST_KEY_UISupportedInterfaceOrientations_iPad = "UIInterfaceOrientationPortrait UIInterfaceOrientationPortraitUpsideDown UIInterfaceOrientationLandscapeLeft UIInterfaceOrientationLandscapeRight";
				INFOPLIST_KEY_UISupportedInterfaceOrientations_iPhone = "UIInterfaceOrientationPortrait UIInterfaceOrientationLandscapeLeft UIInterfaceOrientationLandscapeRight";
				LD_RUNPATH_SEARCH_PATHS = (
					"$(inherited)",
					"@executable_path/Frameworks",
				);
				MARKETING_VERSION = 1.0;
				PRODUCT_BUNDLE_IDENTIFIER = "com.hanni.Weather-Alarm";
				PRODUCT_NAME = "$(TARGET_NAME)";
				SWIFT_EMIT_LOC_STRINGS = YES;
				SWIFT_VERSION = 5.0;
				TARGETED_DEVICE_FAMILY = "1,2";
			};
			name = Release;
		};
/* End XCBuildConfiguration section */

/* Begin XCConfigurationList section */
		2A3D69A5287E754800FBD21C /* Build configuration list for PBXProject "Weather-Alarm" */ = {
			isa = XCConfigurationList;
			buildConfigurations = (
				2A3D69B6287E754A00FBD21C /* Debug */,
				2A3D69B7287E754A00FBD21C /* Release */,
			);
			defaultConfigurationIsVisible = 0;
			defaultConfigurationName = Release;
		};
		2A3D69B8287E754A00FBD21C /* Build configuration list for PBXNativeTarget "Weather-Alarm" */ = {
			isa = XCConfigurationList;
			buildConfigurations = (
				2A3D69B9287E754A00FBD21C /* Debug */,
				2A3D69BA287E754A00FBD21C /* Release */,
			);
			defaultConfigurationIsVisible = 0;
			defaultConfigurationName = Release;
		};
/* End XCConfigurationList section */
	};
	rootObject = 2A3D69A2287E754800FBD21C /* Project object */;
}
